<?xml version="1.0" encoding="utf-8"?>
<Project ToolsVersion="4.0" xmlns="http://schemas.microsoft.com/developer/msbuild/2003">
  <ItemGroup>
    <ClCompile Include="Source\Application.cpp" />
    <ClCompile Include="Source\CameraVer2.cpp" />
    <ClCompile Include="Source\Character.cpp" />
    <ClCompile Include="Source\Collision.cpp" />
    <ClCompile Include="source\GameObject.cpp" />
    <ClCompile Include="Source\GOManager.cpp" />
    <ClCompile Include="source\Light.cpp" />
    <ClCompile Include="Source\LoadCSV.cpp" />
    <ClCompile Include="Source\LoadOBJ.cpp" />
    <ClCompile Include="Source\LoadTGA.cpp" />
    <ClCompile Include="Source\main.cpp" />
    <ClCompile Include="Source\Mesh.cpp" />
    <ClCompile Include="Source\MeshBuilder.cpp" />
    <ClCompile Include="Source\MeshList.cpp" />
    <ClCompile Include="Source\NPC.cpp" />
    <ClCompile Include="Source\Renderer.cpp" />
    <ClCompile Include="Source\SceneCity.cpp" />
    <ClCompile Include="Source\SceneNPCTest.cpp" />
    <ClCompile Include="Source\shader.cpp" />
    <ClCompile Include="Source\Text.cpp" />
    <ClCompile Include="Source\UI.cpp" />
    <ClCompile Include="Source\Utility.cpp" />
    <ClCompile Include="Source\SceneTest.cpp" />
  </ItemGroup>
  <ItemGroup>
    <ClInclude Include="Source\Application.h" />
    <ClInclude Include="Source\CameraVer2.h" />
    <ClInclude Include="Source\Character.h" />
    <ClInclude Include="Source\Collision.h" />
    <ClInclude Include="Source\GameObject.h" />
    <ClInclude Include="Source\GOManager.h" />
    <ClInclude Include="Source\Light.h" />
    <ClInclude Include="Source\LoadCSV.h" />
    <ClInclude Include="Source\LoadOBJ.h" />
    <ClInclude Include="Source\LoadTGA.h" />
    <ClInclude Include="Source\Material.h" />
    <ClInclude Include="Source\Mesh.h" />
    <ClInclude Include="Source\MeshBuilder.h" />
    <ClInclude Include="Source\MeshList.h" />
    <ClInclude Include="Source\NPC.h" />
    <ClInclude Include="Source\Renderer.h" />
    <ClInclude Include="Source\Scene.h" />
    <ClInclude Include="Source\SceneCity.h" />
    <ClInclude Include="Source\SceneNPCTest.h" />
    <ClInclude Include="Source\shader.hpp" />
    <ClInclude Include="Source\Singleton.h" />
    <ClInclude Include="Source\Text.h" />
    <ClInclude Include="Source\UI.h" />
    <ClInclude Include="Source\Utility.h" />
    <ClInclude Include="Source\Vertex.h" />
    <ClInclude Include="Source\SceneTest.h" />
  </ItemGroup>
</Project>